// !$*UTF8*$!
{
	archiveVersion = 1;
	classes = {
	};
	objectVersion = 77;
	objects = {

/* Begin PBXFileReference section */
		16460B8ABF4543EC97DBC65F /* LinerNotes.app */ = {isa = PBXFileReference; explicitFileType = wrapper.application; includeInIndex = 0; path = LinerNotes.app; sourceTree = BUILT_PRODUCTS_DIR; };
		D54E9388B66542ACBA1CD32E /* Lokal.xcconfig */ = {isa = PBXFileReference; lastKnownFileType = text.xcconfig; path = Basis.xcconfig; sourceTree = "<group>"; };
/* End PBXFileReference section */

/* Begin PBXFileSystemSynchronizedRootGroup section */
		FAF6B5B19D384FDF934D1FF4 /* LinerNotes */ = {
			isa = PBXFileSystemSynchronizedRootGroup;
			path = LinerNotes;
			sourceTree = "<group>";
		};
/* End PBXFileSystemSynchronizedRootGroup section */

/* Begin PBXFrameworksBuildPhase section */
		E8BB7A51F615458FB0FDAD51 /* Frameworks */ = {
			isa = PBXFrameworksBuildPhase;
			buildActionMask = 2147483647;
			files = (
			);
			runOnlyForDeploymentPostprocessing = 0;
		};
/* End PBXFrameworksBuildPhase section */

/* Begin PBXGroup section */
		57F8579E1A274A4C8EC80E6D /* Products */ = {
			isa = PBXGroup;
			children = (
				16460B8ABF4543EC97DBC65F /* LinerNotes.app */,
			);
			name = Products;
			sourceTree = "<group>";
		};
		58C7E7BE6A8B4603BA41EF21 = {
			isa = PBXGroup;
			children = (
				D54E9388B66542ACBA1CD32E /* Lokal.xcconfig */,
				FAF6B5B19D384FDF934D1FF4 /* LinerNotes */,
				57F8579E1A274A4C8EC80E6D /* Products */,
			);
			sourceTree = "<group>";
		};
/* End PBXGroup section */

/* Begin PBXNativeTarget section */
		538B3D6AF3BF422E91DB2004 /* LinerNotes */ = {
			isa = PBXNativeTarget;
			buildConfigurationList = 40505E89EF38456096AF1A2B /* Build configuration list for PBXNativeTarget "LinerNotes" */;
			buildPhases = (
				9DA2F1E3CA584EA2938BAA3B /* Sources */,
				E8BB7A51F615458FB0FDAD51 /* Frameworks */,
				79C4F6101A394EE889B459EE /* Resources */,
			);
			buildRules = (
			);
			dependencies = (
			);
			fileSystemSynchronizedGroups = (
				FAF6B5B19D384FDF934D1FF4 /* LinerNotes */,
			);
			name = LinerNotes;
			productName = LinerNotes;
			productReference = 16460B8ABF4543EC97DBC65F /* LinerNotes.app */;
			productType = "com.apple.product-type.application";
		};
/* End PBXNativeTarget section */

/* Begin PBXProject section */
		9EB6098AB94446ABBAEFD3E6 /* Project object */ = {
			isa = PBXProject;
			attributes = {
				BuildIndependentTargetsInParallel = 1;
				LastSwiftUpdateCheck = 2700;
				LastUpgradeCheck = 2700;
				TargetAttributes = {
					538B3D6AF3BF422E91DB2004 = {
						CreatedOnToolsVersion = 27.0;
					};
				};
			};
			buildConfigurationList = CD89E361F79E45658A8F887E /* Build configuration list for PBXProject "LinerNotes" */;
			developmentRegion = de;
			hasScannedForEncodings = 0;
			knownRegions = (
				de,
				Base,
			);
			mainGroup = 58C7E7BE6A8B4603BA41EF21;
			minimizedProjectReferenceProxies = 1;
			preferredProjectObjectVersion = 77;
			productRefGroup = 57F8579E1A274A4C8EC80E6D /* Products */;
			projectDirPath = "";
			projectRoot = "";
			targets = (
				538B3D6AF3BF422E91DB2004 /* LinerNotes */,
			);
		};
/* End PBXProject section */

/* Begin PBXResourcesBuildPhase section */
		79C4F6101A394EE889B459EE /* Resources */ = {
			isa = PBXResourcesBuildPhase;
			buildActionMask = 2147483647;
			files = (
			);
			runOnlyForDeploymentPostprocessing = 0;
		};
/* End PBXResourcesBuildPhase section */

/* Begin PBXSourcesBuildPhase section */
		9DA2F1E3CA584EA2938BAA3B /* Sources */ = {
			isa = PBXSourcesBuildPhase;
			buildActionMask = 2147483647;
			files = (
			);
			runOnlyForDeploymentPostprocessing = 0;
		};
/* End PBXSourcesBuildPhase section */

/* Begin XCBuildConfiguration section */
		61B31F7DB4684C3387D1F15D /* Release */ = {
			isa = XCBuildConfiguration;
			baseConfigurationReference = D54E9388B66542ACBA1CD32E /* Lokal.xcconfig */;
			buildSettings = {
				ASSETCATALOG_COMPILER_GLOBAL_ACCENT_COLOR_NAME = AccentColor;
				ASSETCATALOG_COMPILER_APPICON_NAME = "App Icon & Top Shelf Image";
				CODE_SIGN_STYLE = Automatic;
				CURRENT_PROJECT_VERSION = 2;
				DEVELOPMENT_TEAM = "$(LINER_TEAM_ID)";
				GENERATE_INFOPLIST_FILE = YES;
				INFOPLIST_KEY_CFBundleDisplayName = "Liner Notes";
				INFOPLIST_KEY_UIUserInterfaceStyle = Dark;
				LD_RUNPATH_SEARCH_PATHS = (
					"$(inherited)",
					"@executable_path/Frameworks",
				);
				MARKETING_VERSION = 1.1;
				PRODUCT_BUNDLE_IDENTIFIER = org.linernotes.app;
				PRODUCT_NAME = "$(TARGET_NAME)";
				SWIFT_EMIT_LOC_STRINGS = YES;
				SWIFT_VERSION = 5.0;
				TARGETED_DEVICE_FAMILY = 3;
			};
			name = Release;
		};
		885C3C7F43034E9BAB2151E5 /* Debug */ = {
			isa = XCBuildConfiguration;
			buildSettings = {
				ALWAYS_SEARCH_USER_PATHS = NO;
				CLANG_ENABLE_MODULES = YES;
				CLANG_ENABLE_OBJC_ARC = YES;
				COPY_PHASE_STRIP = NO;
				DEBUG_INFORMATION_FORMAT = dwarf;
				ENABLE_STRICT_OBJC_MSGSEND = YES;
				ENABLE_TESTABILITY = YES;
				GCC_OPTIMIZATION_LEVEL = 0;
				GCC_PREPROCESSOR_DEFINITIONS = (
					"DEBUG=1",
					"$(inherited)",
				);
				MTL_ENABLE_DEBUG_INFO = INCLUDE_SOURCE;
				ONLY_ACTIVE_ARCH = YES;
				SDKROOT = appletvos;
				SWIFT_ACTIVE_COMPILATION_CONDITIONS = DEBUG;
				SWIFT_OPTIMIZATION_LEVEL = "-Onone";
				TVOS_DEPLOYMENT_TARGET = 17.0;
			};
			name = Debug;
		};
		96C92B836647428E9C0CB158 /* Release */ = {
			isa = XCBuildConfiguration;
			buildSettings = {
				ALWAYS_SEARCH_USER_PATHS = NO;
				CLANG_ENABLE_MODULES = YES;
				CLANG_ENABLE_OBJC_ARC = YES;
				COPY_PHASE_STRIP = NO;
				DEBUG_INFORMATION_FORMAT = "dwarf-with-dsym";
				ENABLE_NS_ASSERTIONS = NO;
				ENABLE_STRICT_OBJC_MSGSEND = YES;
				MTL_ENABLE_DEBUG_INFO = NO;
				SDKROOT = appletvos;
				SWIFT_COMPILATION_MODE = wholemodule;
				TVOS_DEPLOYMENT_TARGET = 17.0;
				VALIDATE_PRODUCT = YES;
			};
			name = Release;
		};
		F6347E12046A4762AED8D763 /* Debug */ = {
			isa = XCBuildConfiguration;
			baseConfigurationReference = D54E9388B66542ACBA1CD32E /* Lokal.xcconfig */;
			buildSettings = {
				ASSETCATALOG_COMPILER_GLOBAL_ACCENT_COLOR_NAME = AccentColor;
				ASSETCATALOG_COMPILER_APPICON_NAME = "App Icon & Top Shelf Image";
				CODE_SIGN_STYLE = Automatic;
				CURRENT_PROJECT_VERSION = 2;
				DEVELOPMENT_TEAM = "$(LINER_TEAM_ID)";
				GENERATE_INFOPLIST_FILE = YES;
				INFOPLIST_KEY_CFBundleDisplayName = "Liner Notes";
				INFOPLIST_KEY_UIUserInterfaceStyle = Dark;
				LD_RUNPATH_SEARCH_PATHS = (
					"$(inherited)",
					"@executable_path/Frameworks",
				);
				MARKETING_VERSION = 1.1;
				PRODUCT_BUNDLE_IDENTIFIER = org.linernotes.app;
				PRODUCT_NAME = "$(TARGET_NAME)";
				SWIFT_EMIT_LOC_STRINGS = YES;
				SWIFT_VERSION = 5.0;
				TARGETED_DEVICE_FAMILY = 3;
			};
			name = Debug;
		};
/* End XCBuildConfiguration section */

/* Begin XCConfigurationList section */
		40505E89EF38456096AF1A2B /* Build configuration list for PBXNativeTarget "LinerNotes" */ = {
			isa = XCConfigurationList;
			buildConfigurations = (
				F6347E12046A4762AED8D763 /* Debug */,
				61B31F7DB4684C3387D1F15D /* Release */,
			);
			defaultConfigurationIsVisible = 0;
			defaultConfigurationName = Release;
		};
		CD89E361F79E45658A8F887E /* Build configuration list for PBXProject "LinerNotes" */ = {
			isa = XCConfigurationList;
			buildConfigurations = (
				885C3C7F43034E9BAB2151E5 /* Debug */,
				96C92B836647428E9C0CB158 /* Release */,
			);
			defaultConfigurationIsVisible = 0;
			defaultConfigurationName = Release;
		};
/* End XCConfigurationList section */
	};
	rootObject = 9EB6098AB94446ABBAEFD3E6 /* Project object */;
}
